{
    "_meta": {
        "hash": {
            "sha256": "05a40f3e6197afabd73e08d886ce1f9176f7d1849a656ea24e650967679b58a6"
            "sha256": "acbde828edacaa2460d3c4cb06ba37ab398e8bd9709d7ca5fed0698c2b790953"
        },
        "pipfile-spec": 6,
        "requires": {
            "python_version": "3.13"
        },
        "sources": [
            {
                "name": "pypi",
                "url": "https://pypi.org/simple",
                "verify_ssl": true
            }
        ]
    },
    "default": {
        "asgiref": {
            "hashes": [
                "sha256:5f184dc43b7e763efe848065441eac62229c9f7b0475f41f80e207a114eda4ce",
                "sha256:e8667a091e69529631969fd45dc268fa79b99c92c5fcdda727757e52146ec133"
            ],
            "markers": "python_version >= '3.9'",
            "version": "==3.11.1"
        },
        "django": {
            "hashes": [
                "sha256:14359c809fc16e8f81fd2b59d7d348e4d2d799da6840b10522b6edf7b8afc1da",
                "sha256:8cfa2572b3f2768b2e84983cf3c4811877a01edb64e817986ec5d60751c113ac"
            ],
            "index": "pypi",
            "markers": "python_version >= '3.12'",
            "version": "==6.0.4"
                "sha256:2e5974441491ddb34c3f13d5e7a9f97b07ba03bf70234c0a9c68b79bbb235bc3",
                "sha256:90be765ee756af8a6cbd6693e56452404b5ad15294f4d5e40c0a55a0f4870fe1"
            ],
            "index": "pypi",
            "markers": "python_version >= '3.12'",
            "version": "==6.0.3"
        },
        "django-debug-toolbar": {
            "hashes": [
                "sha256:e214dea4494087e7cebdcea84223819c5eb97f9de3110a3665ad673f0ba98413",
                "sha256:e962ec350c9be8bdba918138e975a9cdb193f60ec396af2bb71b769e8e165519"
            ],
            "index": "pypi",
            "markers": "python_version >= '3.9'",
            "version": "==6.1.0"
        },
        "django-environ": {
            "hashes": [
                "sha256:37799d14cd78222c6fd8298e48bfe17965ff8e586091ad66a463e52e0e7b799e",
                "sha256:6c401e4c219442c2c4588c2116d5292b5484a6f69163ed09cd41f3943bfb645f"
            ],
            "index": "pypi",
            "markers": "python_version >= '3.9' and python_version < '4'",
            "version": "==0.13.0"
        },
        "djangorestframework": {
            "hashes": [
                "sha256:a6def5f447fe78ff853bff1d47a3c59bf38f5434b031780b351b0c73a62db1a5",
                "sha256:c3c74dd3e83a5a3efc37b3c18d92bd6f86a6791c7b7d4dff62bb068500e76457"
            ],
            "index": "pypi",
            "markers": "python_version >= '3.10'",
            "version": "==3.17.1"
        },
        "djangorestframework-simplejwt": {
            "hashes": [
                "sha256:2c30f3707053d384e9f315d11c2daccfcb548d4faa453111ca19a542b732e469",
                "sha256:e72c5572f51d7803021288e2057afcbd03f17fe11d484096f40a460abc76e87f"
            ],
            "index": "pypi",
            "markers": "python_version >= '3.9'",
            "version": "==5.5.1"
        },
        "djangorestframework": {
            "hashes": [
                "sha256:a6def5f447fe78ff853bff1d47a3c59bf38f5434b031780b351b0c73a62db1a5",
                "sha256:c3c74dd3e83a5a3efc37b3c18d92bd6f86a6791c7b7d4dff62bb068500e76457"
            ],
            "index": "pypi",
            "markers": "python_version >= '3.10'",
            "version": "==3.17.1"
        },
        "mysqlclient": {
            "hashes": [
                "sha256:199dab53a224357dd0cb4d78ca0e54018f9cee9bf9ec68d72db50e0a23569076",
                "sha256:201a6faa301011dd07bca6b651fe5aaa546d7c9a5426835a06c3172e1056a3c5",
                "sha256:24ae22b59416d5fcce7e99c9d37548350b4565baac82f95e149cac6ce4163845",
                "sha256:2e3c11f7625029d7276ca506f8960a7fd3c5a0a0122c9e7404e6a8fe961b3d22",
                "sha256:4b4c0200890837fc64014cc938ef2273252ab544c1b12a6c1d674c23943f3f2e",
                "sha256:92af368ed9c9144737af569c86d3b6c74a012a6f6b792eb868384787b52bb585",
                "sha256:977e35244fe6ef44124e9a1c2d1554728a7b76695598e4b92b37dc2130503069",
                "sha256:a22d99d26baf4af68ebef430e3131bb5a9b722b79a9fcfac6d9bbf8a88800687"
            ],
            "index": "pypi",
            "markers": "python_version >= '3.8'",
            "version": "==2.2.7"
        },
        "pyjwt": {
            "hashes": [
                "sha256:28ca37c070cad8ba8cd9790cd940535d40274d22f80ab87f3ac6a713e6e8454c",
                "sha256:c74a7a2adf861c04d002db713dd85f84beb242228e671280bf709d765b03672b"
            ],
            "markers": "python_version >= '3.9'",
            "version": "==2.12.1"
        },
        "sqlparse": {
            "hashes": [
                "sha256:12a08b3bf3eec877c519589833aed092e2444e68240a3577e8e26148acc7b1ba",
                "sha256:e20d4a9b0b8585fdf63b10d30066c7c94c5d7a7ec47c889a2d83a3caa93ff28e"
            ],
            "markers": "python_version >= '3.8'",
            "version": "==0.5.5"
        },
        "tzdata": {
            "hashes": [
                "sha256:4b1d2be7ac37ceafd7327b961aa3a54e467efbdb563a23655fbfe0d39cfc42a9",
                "sha256:67658a1903c75917309e753fdc349ac0efd8c27db7a0cb406a25be4840f87f98"
            ],
            "markers": "python_version >= '2'",
            "version": "==2026.1"
        }
    },
    "develop": {}
}
